{
  "version": 4,
  "terraform_version": "1.5.0",
  "serial": 152,
  "lineage": "1bc0aa38-69df-1930-fe95-16abef5c187a",
  "outputs": {
    "kube-node-1-ip": {
      "value": [
        "172.16.0.101"
      ],
      "type": [
        "tuple",
        [
          "string"
        ]
      ]
    },
    "kube-node-2-ip": {
      "value": [
        "172.16.0.102"
      ],
      "type": [
        "tuple",
        [
          "string"
        ]
      ]
    },
    "kube-node-3-ip": {
      "value": [
        "172.16.0.103"
      ],
      "type": [
        "tuple",
        [
          "string"
        ]
      ]
    },
    "kubernetes_node_network_id": {
      "value": "3104942",
      "type": "string"
    }
  },
  "resources": [
    {
      "mode": "managed",
      "type": "hcloud_network",
      "name": "kubernetes-node-network",
      "provider": "provider[\"registry.terraform.io/hetznercloud/hcloud\"]",
      "instances": [
        {
          "schema_version": 0,
          "attributes": {
            "delete_protection": false,
            "expose_routes_to_vswitch": false,
            "id": "3104942",
            "ip_range": "172.16.0.0/24",
            "labels": null,
            "name": "kubernetes-node-network"
          },
          "sensitive_attributes": [],
          "private": "bnVsbA=="
        }
      ]
    },
    {
      "mode": "managed",
      "type": "hcloud_network_subnet",
      "name": "kubernetes-node-subnet",
      "provider": "provider[\"registry.terraform.io/hetznercloud/hcloud\"]",
      "instances": [
        {
          "schema_version": 0,
          "attributes": {
            "gateway": "172.16.0.1",
            "id": "3104942-172.16.0.0/24",
            "ip_range": "172.16.0.0/24",
            "network_id": 3104942,
            "network_zone": "eu-central",
            "type": "cloud",
            "vswitch_id": null
          },
          "sensitive_attributes": [],
          "private": "bnVsbA==",
          "dependencies": [
            "hcloud_network.kubernetes-node-network"
          ]
        }
      ]
    },
    {
      "mode": "managed",
      "type": "hcloud_server",
      "name": "jump-server",
      "provider": "provider[\"registry.terraform.io/hetznercloud/hcloud\"]",
      "instances": [
        {
          "schema_version": 0,
          "attributes": {
            "allow_deprecated_images": false,
            "backup_window": "",
            "backups": false,
            "datacenter": "hel1-dc2",
            "delete_protection": false,
            "firewall_ids": [],
            "id": "34643920",
            "ignore_remote_firewall_ids": false,
            "image": "debian-12",
            "ipv4_address": "95.217.10.201",
            "ipv6_address": "\u003cnil\u003e",
            "ipv6_network": "\u003cnil\u003e",
            "iso": null,
            "keep_disk": false,
            "labels": {},
            "location": "hel1",
            "name": "jump-server",
            "network": [
              {
                "alias_ips": [],
                "ip": "172.16.0.100",
                "mac_address": "86:00:00:50:96:1a",
                "network_id": 3104942
              }
            ],
            "placement_group_id": null,
            "public_net": [
              {
                "ipv4": 0,
                "ipv4_enabled": true,
                "ipv6": 0,
                "ipv6_enabled": false
              }
            ],
            "rebuild_protection": false,
            "rescue": null,
            "server_type": "cx11",
            "ssh_keys": [
              "My SSH KEY"
            ],
            "status": "running",
            "timeouts": null,
            "user_data": null
          },
          "sensitive_attributes": [],
          "private": "eyJlMmJmYjczMC1lY2FhLTExZTYtOGY4OC0zNDM2M2JjN2M0YzAiOnsiY3JlYXRlIjo1NDAwMDAwMDAwMDAwfX0=",
          "dependencies": [
            "hcloud_network.kubernetes-node-network",
            "hcloud_network_subnet.kubernetes-node-subnet"
          ]
        }
      ]
    },
    {
      "mode": "managed",
      "type": "hcloud_server",
      "name": "kube-node",
      "provider": "provider[\"registry.terraform.io/hetznercloud/hcloud\"]",
      "instances": [
        {
          "index_key": 0,
          "schema_version": 0,
          "attributes": {
            "allow_deprecated_images": false,
            "backup_window": "",
            "backups": false,
            "datacenter": "hel1-dc2",
            "delete_protection": false,
            "firewall_ids": [],
            "id": "34706057",
            "ignore_remote_firewall_ids": false,
            "image": "debian-11",
            "ipv4_address": "95.217.135.157",
            "ipv6_address": "\u003cnil\u003e",
            "ipv6_network": "\u003cnil\u003e",
            "iso": null,
            "keep_disk": false,
            "labels": null,
            "location": "hel1",
            "name": "kube-node-1",
            "network": [
              {
                "alias_ips": [],
                "ip": "172.16.0.101",
                "mac_address": "86:00:00:50:96:1b",
                "network_id": 3104942
              }
            ],
            "placement_group_id": null,
            "public_net": [
              {
                "ipv4": 0,
                "ipv4_enabled": true,
                "ipv6": 0,
                "ipv6_enabled": false
              }
            ],
            "rebuild_protection": false,
            "rescue": null,
            "server_type": "cx21",
            "ssh_keys": [
              "My SSH KEY",
              "JUMP SERVER SSH KEY"
            ],
            "status": "running",
            "timeouts": null,
            "user_data": null
          },
          "sensitive_attributes": [],
          "private": "eyJlMmJmYjczMC1lY2FhLTExZTYtOGY4OC0zNDM2M2JjN2M0YzAiOnsiY3JlYXRlIjo1NDAwMDAwMDAwMDAwfX0=",
          "dependencies": [
            "hcloud_network.kubernetes-node-network",
            "hcloud_network_subnet.kubernetes-node-subnet"
          ]
        },
        {
          "index_key": 1,
          "schema_version": 0,
          "attributes": {
            "allow_deprecated_images": false,
            "backup_window": "",
            "backups": false,
            "datacenter": "hel1-dc2",
            "delete_protection": false,
            "firewall_ids": [],
            "id": "34706055",
            "ignore_remote_firewall_ids": false,
            "image": "debian-11",
            "ipv4_address": "37.27.3.149",
            "ipv6_address": "\u003cnil\u003e",
            "ipv6_network": "\u003cnil\u003e",
            "iso": null,
            "keep_disk": false,
            "labels": null,
            "location": "hel1",
            "name": "kube-node-2",
            "network": [
              {
                "alias_ips": [],
                "ip": "172.16.0.102",
                "mac_address": "86:00:00:50:96:1c",
                "network_id": 3104942
              }
            ],
            "placement_group_id": null,
            "public_net": [
              {
                "ipv4": 0,
                "ipv4_enabled": true,
                "ipv6": 0,
                "ipv6_enabled": false
              }
            ],
            "rebuild_protection": false,
            "rescue": null,
            "server_type": "cx21",
            "ssh_keys": [
              "My SSH KEY",
              "JUMP SERVER SSH KEY"
            ],
            "status": "running",
            "timeouts": null,
            "user_data": null
          },
          "sensitive_attributes": [],
          "private": "eyJlMmJmYjczMC1lY2FhLTExZTYtOGY4OC0zNDM2M2JjN2M0YzAiOnsiY3JlYXRlIjo1NDAwMDAwMDAwMDAwfX0=",
          "dependencies": [
            "hcloud_network.kubernetes-node-network",
            "hcloud_network_subnet.kubernetes-node-subnet"
          ]
        },
        {
          "index_key": 2,
          "schema_version": 0,
          "attributes": {
            "allow_deprecated_images": false,
            "backup_window": "",
            "backups": false,
            "datacenter": "hel1-dc2",
            "delete_protection": false,
            "firewall_ids": [],
            "id": "34706056",
            "ignore_remote_firewall_ids": false,
            "image": "debian-11",
            "ipv4_address": "95.216.221.75",
            "ipv6_address": "\u003cnil\u003e",
            "ipv6_network": "\u003cnil\u003e",
            "iso": null,
            "keep_disk": false,
            "labels": null,
            "location": "hel1",
            "name": "kube-node-3",
            "network": [
              {
                "alias_ips": [],
                "ip": "172.16.0.103",
                "mac_address": "86:00:00:50:96:1d",
                "network_id": 3104942
              }
            ],
            "placement_group_id": null,
            "public_net": [
              {
                "ipv4": 0,
                "ipv4_enabled": true,
                "ipv6": 0,
                "ipv6_enabled": false
              }
            ],
            "rebuild_protection": false,
            "rescue": null,
            "server_type": "cx21",
            "ssh_keys": [
              "My SSH KEY",
              "JUMP SERVER SSH KEY"
            ],
            "status": "running",
            "timeouts": null,
            "user_data": null
          },
          "sensitive_attributes": [],
          "private": "eyJlMmJmYjczMC1lY2FhLTExZTYtOGY4OC0zNDM2M2JjN2M0YzAiOnsiY3JlYXRlIjo1NDAwMDAwMDAwMDAwfX0=",
          "dependencies": [
            "hcloud_network.kubernetes-node-network",
            "hcloud_network_subnet.kubernetes-node-subnet"
          ]
        }
      ]
    },
    {
      "mode": "managed",
      "type": "hcloud_ssh_key",
      "name": "default",
      "provider": "provider[\"registry.terraform.io/hetznercloud/hcloud\"]",
      "instances": [
        {
          "schema_version": 0,
          "attributes": {
            "fingerprint": "21:fa:12:83:41:02:81:0f:9b:cd:2f:6f:23:b1:2f:fc",
            "id": "12618838",
            "labels": {},
            "name": "My SSH KEY",
            "public_key": "ssh-rsa AAAAB3NzaC1yc2EAAAADAQABAAABgQC0gMxeWj/UXBF3QSGbj67PHA91VlO8TOJT0hP8fO8PFaCtZHsoUF2bpD5fx5eJH/ZpGzsS0Y9C4J3H9duXbilTeT7IHgVCiF9rz4BCQpTZKkDDckyJ2p5Y1yoR/x8KFGbgMijFjlh6hGN9AV6rJSx4F3XBfqfaBaNDbb0lBpzoiGKVBYqxSfTp9phsYUR6VAz+/YYpsDD0e5hHDl8kMkNWx4BSonSDxOJFa+F0oWQqcn3TEDi3lR+us6S/fYW5CeN76wkjIIHTXPcJ/5ONCvq8PnDzVibfAhjoLHY3x6oL2ZaOPOzGIcRP50jNA4K3ljxE1q2qu1JFHy5mJpFfgXD/+7pgS1G9vDWYeZ/Zlefd5f1aaDUSuudxUcL1YLPteCJfYEeW8ihsBAZ3HPl58T2451FTVlxkp66UX9eywdh+tkLsNbfKsjrhbNIh2bDkh1+YAnhXit6fItY1nOaMaTXpdF+6XbErU4X/pZLq46kfMSS4KPY1SCqsUgPXHbzh+OU= morris@Morriss-MacBook-Pro.local"
          },
          "sensitive_attributes": [
            [
              {
                "type": "get_attr",
                "value": "public_key"
              }
            ]
          ],
          "private": "bnVsbA=="
        }
      ]
    },
    {
      "mode": "managed",
      "type": "hcloud_ssh_key",
      "name": "jump_server",
      "provider": "provider[\"registry.terraform.io/hetznercloud/hcloud\"]",
      "instances": [
        {
          "schema_version": 0,
          "attributes": {
            "fingerprint": "3f:a1:5d:75:5f:d0:1c:52:ed:19:5e:94:99:5a:68:ba",
            "id": "12619484",
            "labels": {},
            "name": "JUMP SERVER SSH KEY",
            "public_key": "ssh-rsa AAAAB3NzaC1yc2EAAAADAQABAAABgQDHLsVH07hn+8BK3Jko+WMDNckKVqaV57aPZDoV5tSVSWNRHoJi/jsM80U08Y3yhqybIcYcKyBs2FdOb5IqFwn/IHAm5AlujUE+t3F2Z6KublCOXJX7vAMl55Q5l+LTl2I2tcBMWR8hOsPMXgt2/O1zroaGXbOhBpJvb/0MHHMngCD7A7jfKvff7fuMQGGMMNsModtAJ/kETaxz9U+Xp2fANorhcNiKEzPk+rdXP2TRc4eaQYuhtWI6ATe1rM7vZU6ja29JS0UNS3fMKJTgHCLOFkvuAW2GxBwPzWNWDz0Ttdi8o3/skz8DKjYoyTHCakx7/ohqd82YFv5/Ikhycfhq7mERv4Q6pXIkWYfHaa/KBbcsl5bG0OuTezz5rNxQJEoxgS4xyy35ZSmMc354McUcvCfYGFaayjDikqa5VvS7sYntKPx0oBj9DnsuLinvbwYBniapEqNLQ0qvjuGIiBMAINDgTsDpTs+/3kHgeUEjEiUaH6KYC6OdaYiV96htXLM= root@jump-server"
          },
          "sensitive_attributes": [
            [
              {
                "type": "get_attr",
                "value": "public_key"
              }
            ]
          ],
          "private": "bnVsbA=="
        }
      ]
    }
  ],
  "check_results": null
}
